
Microsoft Visual Studio Solution File, Format Version 12.00
# Visual Studio Version 17
VisualStudioVersion = 17.0.31903.59
MinimumVisualStudioVersion = 10.0.40219.1
Project("{FAE04EC0-301F-11D3-BF4B-00C04F79EFBC}") = "BookStoreAPI", "BookStoreAPI\BookStoreAPI.csproj", "{08921048-6339-4EE2-8852-AB873C2DF152}"
EndProject
Project("{FAE04EC0-301F-11D3-BF4B-00C04F79EFBC}") = "Entities", "Entities\Entities.csproj", "{9A3E7E55-943E-485D-9A56-5B2CBA348D2E}"
EndProject
Project("{FAE04EC0-301F-11D3-BF4B-00C04F79EFBC}") = "Repositories", "Repositories\Repositories.csproj", "{C359E00C-8E7E-4030-9298-168B45E5BCA2}"
EndProject
Project("{FAE04EC0-301F-11D3-BF4B-00C04F79EFBC}") = "Services", "Services\Services.csproj", "{8FD5F3F8-EFA6-44AC-BE17-928C2ED548DB}"
EndProject
Project("{FAE04EC0-301F-11D3-BF4B-00C04F79EFBC}") = "Presentation", "Presentation\Presentation.csproj", "{62686348-FB03-4F4D-8682-445822594F69}"
EndProject
Global
	GlobalSection(SolutionConfigurationPlatforms) = preSolution
		Debug|Any CPU = Debug|Any CPU
		Release|Any CPU = Release|Any CPU
	EndGlobalSection
	GlobalSection(ProjectConfigurationPlatforms) = postSolution
		{08921048-6339-4EE2-8852-AB873C2DF152}.Debug|Any CPU.ActiveCfg = Debug|Any CPU
		{08921048-6339-4EE2-8852-AB873C2DF152}.Debug|Any CPU.Build.0 = Debug|Any CPU
		{08921048-6339-4EE2-8852-AB873C2DF152}.Release|Any CPU.ActiveCfg = Release|Any CPU
		{08921048-6339-4EE2-8852-AB873C2DF152}.Release|Any CPU.Build.0 = Release|Any CPU
		{9A3E7E55-943E-485D-9A56-5B2CBA348D2E}.Debug|Any CPU.ActiveCfg = Debug|Any CPU
		{9A3E7E55-943E-485D-9A56-5B2CBA348D2E}.Debug|Any CPU.Build.0 = Debug|Any CPU
		{9A3E7E55-943E-485D-9A56-5B2CBA348D2E}.Release|Any CPU.ActiveCfg = Release|Any CPU
		{9A3E7E55-943E-485D-9A56-5B2CBA348D2E}.Release|Any CPU.Build.0 = Release|Any CPU
		{C359E00C-8E7E-4030-9298-168B45E5BCA2}.Debug|Any CPU.ActiveCfg = Debug|Any CPU
		{C359E00C-8E7E-4030-9298-168B45E5BCA2}.Debug|Any CPU.Build.0 = Debug|Any CPU
		{C359E00C-8E7E-4030-9298-168B45E5BCA2}.Release|Any CPU.ActiveCfg = Release|Any CPU
		{C359E00C-8E7E-4030-9298-168B45E5BCA2}.Release|Any CPU.Build.0 = Release|Any CPU
		{8FD5F3F8-EFA6-44AC-BE17-928C2ED548DB}.Debug|Any CPU.ActiveCfg = Debug|Any CPU
		{8FD5F3F8-EFA6-44AC-BE17-928C2ED548DB}.Debug|Any CPU.Build.0 = Debug|Any CPU
		{8FD5F3F8-EFA6-44AC-BE17-928C2ED548DB}.Release|Any CPU.ActiveCfg = Release|Any CPU
		{8FD5F3F8-EFA6-44AC-BE17-928C2ED548DB}.Release|Any CPU.Build.0 = Release|Any CPU
		{62686348-FB03-4F4D-8682-445822594F69}.Debug|Any CPU.ActiveCfg = Debug|Any CPU
		{62686348-FB03-4F4D-8682-445822594F69}.Debug|Any CPU.Build.0 = Debug|Any CPU
		{62686348-FB03-4F4D-8682-445822594F69}.Release|Any CPU.ActiveCfg = Release|Any CPU
		{62686348-FB03-4F4D-8682-445822594F69}.Release|Any CPU.Build.0 = Release|Any CPU
	EndGlobalSection
	GlobalSection(SolutionProperties) = preSolution
		HideSolutionNode = FALSE
	EndGlobalSection
EndGlobal
